{
  "requires": true,
  "lockfileVersion": 1,
  "dependencies": {
    "bn.js": {
      "version": "4.11.8",
      "resolved": "https://registry.npmjs.org/bn.js/-/bn.js-4.11.8.tgz",
      "integrity": "sha512-ItfYfPLkWHUjckQCk8xC+LwxgK8NYcXywGigJgSwOP8Y2iyWT4f2vsZnoOXTTbo+o5yXmIUJ4gn5538SO5S3gA=="
    },
    "fibonacci": {
      "version": "1.6.4",
      "resolved": "https://registry.npmjs.org/fibonacci/-/fibonacci-1.6.4.tgz",
      "integrity": "sha1-o2fWwDUBAQ54+GWOb16FXSab6PI=",
      "requires": {
        "bn.js": "4.11.8"
      }
    }
  }
}
